// !$*UTF8*$!
{
	archiveVersion = 1;
	classes = {
	};
	objectVersion = 55;
	objects = {

/* Begin PBXBuildFile section */
		84ACB90F2816704D007C6875 /* AppDelegate.swift in Sources */ = {isa = PBXBuildFile; fileRef = 84ACB90E2816704D007C6875 /* AppDelegate.swift */; };
		84ACB9112816704D007C6875 /* SceneDelegate.swift in Sources */ = {isa = PBXBuildFile; fileRef = 84ACB9102816704D007C6875 /* SceneDelegate.swift */; };
		84ACB9132816704D007C6875 /* ViewController.swift in Sources */ = {isa = PBXBuildFile; fileRef = 84ACB9122816704D007C6875 /* ViewController.swift */; };
		84ACB9162816704D007C6875 /* Main.storyboard in Resources */ = {isa = PBXBuildFile; fileRef = 84ACB9142816704D007C6875 /* Main.storyboard */; };
		84ACB9182816704E007C6875 /* Assets.xcassets in Resources */ = {isa = PBXBuildFile; fileRef = 84ACB9172816704E007C6875 /* Assets.xcassets */; };
		84ACB91B2816704E007C6875 /* LaunchScreen.storyboard in Resources */ = {isa = PBXBuildFile; fileRef = 84ACB9192816704E007C6875 /* LaunchScreen.storyboard */; };
		84ACB9232816744F007C6875 /* GoogleService-Info.plist in Resources */ = {isa = PBXBuildFile; fileRef = 84ACB9222816744F007C6875 /* GoogleService-Info.plist */; };
		84ACB9282816CA02007C6875 /* AppleSignInHelper.swift in Sources */ = {isa = PBXBuildFile; fileRef = 84ACB9272816CA02007C6875 /* AppleSignInHelper.swift */; };
		BBAB8D188BADC13E231CBAA4 /* Pods_SignUPFireBase.framework in Frameworks */ = {isa = PBXBuildFile; fileRef = FCF9CD0AF8B0FCF73265C0B2 /* Pods_SignUPFireBase.framework */; };
/* End PBXBuildFile section */

/* Begin PBXFileReference section */
		1026E319359022B92E0E5F5A /* Pods-SignUPFireBase.debug.xcconfig */ = {isa = PBXFileReference; includeInIndex = 1; lastKnownFileType = text.xcconfig; name = "Pods-SignUPFireBase.debug.xcconfig"; path = "Target Support Files/Pods-SignUPFireBase/Pods-SignUPFireBase.debug.xcconfig"; sourceTree = "<group>"; };
		84ACB90B2816704D007C6875 /* SignUPFireBase.app */ = {isa = PBXFileReference; explicitFileType = wrapper.application; includeInIndex = 0; path = SignUPFireBase.app; sourceTree = BUILT_PRODUCTS_DIR; };
		84ACB90E2816704D007C6875 /* AppDelegate.swift */ = {isa = PBXFileReference; lastKnownFileType = sourcecode.swift; path = AppDelegate.swift; sourceTree = "<group>"; };
		84ACB9102816704D007C6875 /* SceneDelegate.swift */ = {isa = PBXFileReference; lastKnownFileType = sourcecode.swift; path = SceneDelegate.swift; sourceTree = "<group>"; };
		84ACB9122816704D007C6875 /* ViewController.swift */ = {isa = PBXFileReference; lastKnownFileType = sourcecode.swift; path = ViewController.swift; sourceTree = "<group>"; };
		84ACB9152816704D007C6875 /* Base */ = {isa = PBXFileReference; lastKnownFileType = file.storyboard; name = Base; path = Base.lproj/Main.storyboard; sourceTree = "<group>"; };
		84ACB9172816704E007C6875 /* Assets.xcassets */ = {isa = PBXFileReference; lastKnownFileType = folder.assetcatalog; path = Assets.xcassets; sourceTree = "<group>"; };
		84ACB91A2816704E007C6875 /* Base */ = {isa = PBXFileReference; lastKnownFileType = file.storyboard; name = Base; path = Base.lproj/LaunchScreen.storyboard; sourceTree = "<group>"; };
		84ACB91C2816704E007C6875 /* Info.plist */ = {isa = PBXFileReference; lastKnownFileType = text.plist.xml; path = Info.plist; sourceTree = "<group>"; };
		84ACB9222816744F007C6875 /* GoogleService-Info.plist */ = {isa = PBXFileReference; fileEncoding = 4; lastKnownFileType = text.plist.xml; path = "GoogleService-Info.plist"; sourceTree = "<group>"; };
		84ACB92428167F6F007C6875 /* SignUPFireBase.entitlements */ = {isa = PBXFileReference; lastKnownFileType = text.plist.entitlements; path = SignUPFireBase.entitlements; sourceTree = "<group>"; };
		84ACB9272816CA02007C6875 /* AppleSignInHelper.swift */ = {isa = PBXFileReference; lastKnownFileType = sourcecode.swift; path = AppleSignInHelper.swift; sourceTree = "<group>"; };
		A0926AED81D2E4D02A2621C9 /* Pods-SignUPFireBase.release.xcconfig */ = {isa = PBXFileReference; includeInIndex = 1; lastKnownFileType = text.xcconfig; name = "Pods-SignUPFireBase.release.xcconfig"; path = "Target Support Files/Pods-SignUPFireBase/Pods-SignUPFireBase.release.xcconfig"; sourceTree = "<group>"; };
		FCF9CD0AF8B0FCF73265C0B2 /* Pods_SignUPFireBase.framework */ = {isa = PBXFileReference; explicitFileType = wrapper.framework; includeInIndex = 0; path = Pods_SignUPFireBase.framework; sourceTree = BUILT_PRODUCTS_DIR; };
/* End PBXFileReference section */

/* Begin PBXFrameworksBuildPhase section */
		84ACB9082816704D007C6875 /* Frameworks */ = {
			isa = PBXFrameworksBuildPhase;
			buildActionMask = 2147483647;
			files = (
				BBAB8D188BADC13E231CBAA4 /* Pods_SignUPFireBase.framework in Frameworks */,
			);
			runOnlyForDeploymentPostprocessing = 0;
		};
/* End PBXFrameworksBuildPhase section */

/* Begin PBXGroup section */
		84ACB9022816704D007C6875 = {
			isa = PBXGroup;
			children = (
				84ACB9222816744F007C6875 /* GoogleService-Info.plist */,
				84ACB90D2816704D007C6875 /* SignUPFireBase */,
				84ACB90C2816704D007C6875 /* Products */,
				E72FAA3CF77C2976FCB995A0 /* Pods */,
				95F3E5E8965623DC4EA38EDD /* Frameworks */,
			);
			sourceTree = "<group>";
		};
		84ACB90C2816704D007C6875 /* Products */ = {
			isa = PBXGroup;
			children = (
				84ACB90B2816704D007C6875 /* SignUPFireBase.app */,
			);
			name = Products;
			sourceTree = "<group>";
		};
		84ACB90D2816704D007C6875 /* SignUPFireBase */ = {
			isa = PBXGroup;
			children = (
				84ACB92428167F6F007C6875 /* SignUPFireBase.entitlements */,
				84ACB90E2816704D007C6875 /* AppDelegate.swift */,
				84ACB9102816704D007C6875 /* SceneDelegate.swift */,
				84ACB9122816704D007C6875 /* ViewController.swift */,
				84ACB9142816704D007C6875 /* Main.storyboard */,
				84ACB9172816704E007C6875 /* Assets.xcassets */,
				84ACB9192816704E007C6875 /* LaunchScreen.storyboard */,
				84ACB91C2816704E007C6875 /* Info.plist */,
				84ACB9272816CA02007C6875 /* AppleSignInHelper.swift */,
			);
			path = SignUPFireBase;
			sourceTree = "<group>";
		};
		95F3E5E8965623DC4EA38EDD /* Frameworks */ = {
			isa = PBXGroup;
			children = (
				FCF9CD0AF8B0FCF73265C0B2 /* Pods_SignUPFireBase.framework */,
			);
			name = Frameworks;
			sourceTree = "<group>";
		};
		E72FAA3CF77C2976FCB995A0 /* Pods */ = {
			isa = PBXGroup;
			children = (
				1026E319359022B92E0E5F5A /* Pods-SignUPFireBase.debug.xcconfig */,
				A0926AED81D2E4D02A2621C9 /* Pods-SignUPFireBase.release.xcconfig */,
			);
			path = Pods;
			sourceTree = "<group>";
		};
/* End PBXGroup section */

/* Begin PBXNativeTarget section */
		84ACB90A2816704D007C6875 /* SignUPFireBase */ = {
			isa = PBXNativeTarget;
			buildConfigurationList = 84ACB91F2816704E007C6875 /* Build configuration list for PBXNativeTarget "SignUPFireBase" */;
			buildPhases = (
				4F74993AAA1139E19F558225 /* [CP] Check Pods Manifest.lock */,
				84ACB9072816704D007C6875 /* Sources */,
				84ACB9082816704D007C6875 /* Frameworks */,
				84ACB9092816704D007C6875 /* Resources */,
				D0B781B6ED527C75A5B09636 /* [CP] Embed Pods Frameworks */,
				84264827283370A1009DE659 /* ShellScript */,
			);
			buildRules = (
			);
			dependencies = (
			);
			name = SignUPFireBase;
			productName = SignUPFireBase;
			productReference = 84ACB90B2816704D007C6875 /* SignUPFireBase.app */;
			productType = "com.apple.product-type.application";
		};
/* End PBXNativeTarget section */

/* Begin PBXProject section */
		84ACB9032816704D007C6875 /* Project object */ = {
			isa = PBXProject;
			attributes = {
				BuildIndependentTargetsInParallel = 1;
				LastSwiftUpdateCheck = 1320;
				LastUpgradeCheck = 1320;
				TargetAttributes = {
					84ACB90A2816704D007C6875 = {
						CreatedOnToolsVersion = 13.2.1;
					};
				};
			};
			buildConfigurationList = 84ACB9062816704D007C6875 /* Build configuration list for PBXProject "SignUPFireBase" */;
			compatibilityVersion = "Xcode 13.0";
			developmentRegion = en;
			hasScannedForEncodings = 0;
			knownRegions = (
				en,
				Base,
			);
			mainGroup = 84ACB9022816704D007C6875;
			productRefGroup = 84ACB90C2816704D007C6875 /* Products */;
			projectDirPath = "";
			projectRoot = "";
			targets = (
				84ACB90A2816704D007C6875 /* SignUPFireBase */,
			);
		};
/* End PBXProject section */

/* Begin PBXResourcesBuildPhase section */
		84ACB9092816704D007C6875 /* Resources */ = {
			isa = PBXResourcesBuildPhase;
			buildActionMask = 2147483647;
			files = (
				84ACB91B2816704E007C6875 /* LaunchScreen.storyboard in Resources */,
				84ACB9232816744F007C6875 /* GoogleService-Info.plist in Resources */,
				84ACB9182816704E007C6875 /* Assets.xcassets in Resources */,
				84ACB9162816704D007C6875 /* Main.storyboard in Resources */,
			);
			runOnlyForDeploymentPostprocessing = 0;
		};
/* End PBXResourcesBuildPhase section */

/* Begin PBXShellScriptBuildPhase section */
		4F74993AAA1139E19F558225 /* [CP] Check Pods Manifest.lock */ = {
			isa = PBXShellScriptBuildPhase;
			buildActionMask = 2147483647;
			files = (
			);
			inputFileListPaths = (
			);
			inputPaths = (
				"${PODS_PODFILE_DIR_PATH}/Podfile.lock",
				"${PODS_ROOT}/Manifest.lock",
			);
			name = "[CP] Check Pods Manifest.lock";
			outputFileListPaths = (
			);
			outputPaths = (
				"$(DERIVED_FILE_DIR)/Pods-SignUPFireBase-checkManifestLockResult.txt",
			);
			runOnlyForDeploymentPostprocessing = 0;
			shellPath = /bin/sh;
			shellScript = "diff \"${PODS_PODFILE_DIR_PATH}/Podfile.lock\" \"${PODS_ROOT}/Manifest.lock\" > /dev/null\nif [ $? != 0 ] ; then\n    # print error to STDERR\n    echo \"error: The sandbox is not in sync with the Podfile.lock. Run 'pod install' or update your CocoaPods installation.\" >&2\n    exit 1\nfi\n# This output is used by Xcode 'outputs' to avoid re-running this script phase.\necho \"SUCCESS\" > \"${SCRIPT_OUTPUT_FILE_0}\"\n";
			showEnvVarsInLog = 0;
		};
		84264827283370A1009DE659 /* ShellScript */ = {
			isa = PBXShellScriptBuildPhase;
			buildActionMask = 2147483647;
			files = (
			);
			inputFileListPaths = (
			);
			inputPaths = (
				"${DWARF_DSYM_FOLDER_PATH}/${DWARF_DSYM_FILE_NAME}/Contents/Resources/DWARF/${TARGET_NAME}",
				"$(SRCROOT)/$(BUILT_PRODUCTS_DIR)/$(INFOPLIST_PATH)",
			);
			outputFileListPaths = (
			);
			outputPaths = (
			);
			runOnlyForDeploymentPostprocessing = 0;
			shellPath = /bin/sh;
			shellScript = "# Type a script or drag a script file from your workspace to insert its path.\n\"${PODS_ROOT}/FirebaseCrashlytics/run\"\n";
		};
		D0B781B6ED527C75A5B09636 /* [CP] Embed Pods Frameworks */ = {
			isa = PBXShellScriptBuildPhase;
			buildActionMask = 2147483647;
			files = (
			);
			inputFileListPaths = (
				"${PODS_ROOT}/Target Support Files/Pods-SignUPFireBase/Pods-SignUPFireBase-frameworks-${CONFIGURATION}-input-files.xcfilelist",
			);
			name = "[CP] Embed Pods Frameworks";
			outputFileListPaths = (
				"${PODS_ROOT}/Target Support Files/Pods-SignUPFireBase/Pods-SignUPFireBase-frameworks-${CONFIGURATION}-output-files.xcfilelist",
			);
			runOnlyForDeploymentPostprocessing = 0;
			shellPath = /bin/sh;
			shellScript = "\"${PODS_ROOT}/Target Support Files/Pods-SignUPFireBase/Pods-SignUPFireBase-frameworks.sh\"\n";
			showEnvVarsInLog = 0;
		};
/* End PBXShellScriptBuildPhase section */

/* Begin PBXSourcesBuildPhase section */
		84ACB9072816704D007C6875 /* Sources */ = {
			isa = PBXSourcesBuildPhase;
			buildActionMask = 2147483647;
			files = (
				84ACB9282816CA02007C6875 /* AppleSignInHelper.swift in Sources */,
				84ACB9132816704D007C6875 /* ViewController.swift in Sources */,
				84ACB90F2816704D007C6875 /* AppDelegate.swift in Sources */,
				84ACB9112816704D007C6875 /* SceneDelegate.swift in Sources */,
			);
			runOnlyForDeploymentPostprocessing = 0;
		};
/* End PBXSourcesBuildPhase section */

/* Begin PBXVariantGroup section */
		84ACB9142816704D007C6875 /* Main.storyboard */ = {
			isa = PBXVariantGroup;
			children = (
				84ACB9152816704D007C6875 /* Base */,
			);
			name = Main.storyboard;
			sourceTree = "<group>";
		};
		84ACB9192816704E007C6875 /* LaunchScreen.storyboard */ = {
			isa = PBXVariantGroup;
			children = (
				84ACB91A2816704E007C6875 /* Base */,
			);
			name = LaunchScreen.storyboard;
			sourceTree = "<group>";
		};
/* End PBXVariantGroup section */

/* Begin XCBuildConfiguration section */
		84ACB91D2816704E007C6875 /* Debug */ = {
			isa = XCBuildConfiguration;
			buildSettings = {
				ALWAYS_SEARCH_USER_PATHS = NO;
				CLANG_ANALYZER_NONNULL = YES;
				CLANG_ANALYZER_NUMBER_OBJECT_CONVERSION = YES_AGGRESSIVE;
				CLANG_CXX_LANGUAGE_STANDARD = "gnu++17";
				CLANG_CXX_LIBRARY = "libc++";
				CLANG_ENABLE_MODULES = YES;
				CLANG_ENABLE_OBJC_ARC = YES;
				CLANG_ENABLE_OBJC_WEAK = YES;
				CLANG_WARN_BLOCK_CAPTURE_AUTORELEASING = YES;
				CLANG_WARN_BOOL_CONVERSION = YES;
				CLANG_WARN_COMMA = YES;
				CLANG_WARN_CONSTANT_CONVERSION = YES;
				CLANG_WARN_DEPRECATED_OBJC_IMPLEMENTATIONS = YES;
				CLANG_WARN_DIRECT_OBJC_ISA_USAGE = YES_ERROR;
				CLANG_WARN_DOCUMENTATION_COMMENTS = YES;
				CLANG_WARN_EMPTY_BODY = YES;
				CLANG_WARN_ENUM_CONVERSION = YES;
				CLANG_WARN_INFINITE_RECURSION = YES;
				CLANG_WARN_INT_CONVERSION = YES;
				CLANG_WARN_NON_LITERAL_NULL_CONVERSION = YES;
				CLANG_WARN_OBJC_IMPLICIT_RETAIN_SELF = YES;
				CLANG_WARN_OBJC_LITERAL_CONVERSION = YES;
				CLANG_WARN_OBJC_ROOT_CLASS = YES_ERROR;
				CLANG_WARN_QUOTED_INCLUDE_IN_FRAMEWORK_HEADER = YES;
				CLANG_WARN_RANGE_LOOP_ANALYSIS = YES;
				CLANG_WARN_STRICT_PROTOTYPES = YES;
				CLANG_WARN_SUSPICIOUS_MOVE = YES;
				CLANG_WARN_UNGUARDED_AVAILABILITY = YES_AGGRESSIVE;
				CLANG_WARN_UNREACHABLE_CODE = YES;
				CLANG_WARN__DUPLICATE_METHOD_MATCH = YES;
				COPY_PHASE_STRIP = NO;
				DEBUG_INFORMATION_FORMAT = dwarf;
				ENABLE_STRICT_OBJC_MSGSEND = YES;
				ENABLE_TESTABILITY = YES;
				GCC_C_LANGUAGE_STANDARD = gnu11;
				GCC_DYNAMIC_NO_PIC = NO;
				GCC_NO_COMMON_BLOCKS = YES;
				GCC_OPTIMIZATION_LEVEL = 0;
				GCC_PREPROCESSOR_DEFINITIONS = (
					"DEBUG=1",
					"$(inherited)",
				);
				GCC_WARN_64_TO_32_BIT_CONVERSION = YES;
				GCC_WARN_ABOUT_RETURN_TYPE = YES_ERROR;
				GCC_WARN_UNDECLARED_SELECTOR = YES;
				GCC_WARN_UNINITIALIZED_AUTOS = YES_AGGRESSIVE;
				GCC_WARN_UNUSED_FUNCTION = YES;
				GCC_WARN_UNUSED_VARIABLE = YES;
				IPHONEOS_DEPLOYMENT_TARGET = 15.2;
				MTL_ENABLE_DEBUG_INFO = INCLUDE_SOURCE;
				MTL_FAST_MATH = YES;
				ONLY_ACTIVE_ARCH = YES;
				SDKROOT = iphoneos;
				SWIFT_ACTIVE_COMPILATION_CONDITIONS = DEBUG;
				SWIFT_OPTIMIZATION_LEVEL = "-Onone";
			};
			name = Debug;
		};
		84ACB91E2816704E007C6875 /* Release */ = {
			isa = XCBuildConfiguration;
			buildSettings = {
				ALWAYS_SEARCH_USER_PATHS = NO;
				CLANG_ANALYZER_NONNULL = YES;
				CLANG_ANALYZER_NUMBER_OBJECT_CONVERSION = YES_AGGRESSIVE;
				CLANG_CXX_LANGUAGE_STANDARD = "gnu++17";
				CLANG_CXX_LIBRARY = "libc++";
				CLANG_ENABLE_MODULES = YES;
				CLANG_ENABLE_OBJC_ARC = YES;
				CLANG_ENABLE_OBJC_WEAK = YES;
				CLANG_WARN_BLOCK_CAPTURE_AUTORELEASING = YES;
				CLANG_WARN_BOOL_CONVERSION = YES;
				CLANG_WARN_COMMA = YES;
				CLANG_WARN_CONSTANT_CONVERSION = YES;
				CLANG_WARN_DEPRECATED_OBJC_IMPLEMENTATIONS = YES;
				CLANG_WARN_DIRECT_OBJC_ISA_USAGE = YES_ERROR;
				CLANG_WARN_DOCUMENTATION_COMMENTS = YES;
				CLANG_WARN_EMPTY_BODY = YES;
				CLANG_WARN_ENUM_CONVERSION = YES;
				CLANG_WARN_INFINITE_RECURSION = YES;
				CLANG_WARN_INT_CONVERSION = YES;
				CLANG_WARN_NON_LITERAL_NULL_CONVERSION = YES;
				CLANG_WARN_OBJC_IMPLICIT_RETAIN_SELF = YES;
				CLANG_WARN_OBJC_LITERAL_CONVERSION = YES;
				CLANG_WARN_OBJC_ROOT_CLASS = YES_ERROR;
				CLANG_WARN_QUOTED_INCLUDE_IN_FRAMEWORK_HEADER = YES;
				CLANG_WARN_RANGE_LOOP_ANALYSIS = YES;
				CLANG_WARN_STRICT_PROTOTYPES = YES;
				CLANG_WARN_SUSPICIOUS_MOVE = YES;
				CLANG_WARN_UNGUARDED_AVAILABILITY = YES_AGGRESSIVE;
				CLANG_WARN_UNREACHABLE_CODE = YES;
				CLANG_WARN__DUPLICATE_METHOD_MATCH = YES;
				COPY_PHASE_STRIP = NO;
				DEBUG_INFORMATION_FORMAT = "dwarf-with-dsym";
				ENABLE_NS_ASSERTIONS = NO;
				ENABLE_STRICT_OBJC_MSGSEND = YES;
				GCC_C_LANGUAGE_STANDARD = gnu11;
				GCC_NO_COMMON_BLOCKS = YES;
				GCC_WARN_64_TO_32_BIT_CONVERSION = YES;
				GCC_WARN_ABOUT_RETURN_TYPE = YES_ERROR;
				GCC_WARN_UNDECLARED_SELECTOR = YES;
				GCC_WARN_UNINITIALIZED_AUTOS = YES_AGGRESSIVE;
				GCC_WARN_UNUSED_FUNCTION = YES;
				GCC_WARN_UNUSED_VARIABLE = YES;
				IPHONEOS_DEPLOYMENT_TARGET = 15.2;
				MTL_ENABLE_DEBUG_INFO = NO;
				MTL_FAST_MATH = YES;
				SDKROOT = iphoneos;
				SWIFT_COMPILATION_MODE = wholemodule;
				SWIFT_OPTIMIZATION_LEVEL = "-O";
				VALIDATE_PRODUCT = YES;
			};
			name = Release;
		};
		84ACB9202816704E007C6875 /* Debug */ = {
			isa = XCBuildConfiguration;
			baseConfigurationReference = 1026E319359022B92E0E5F5A /* Pods-SignUPFireBase.debug.xcconfig */;
			buildSettings = {
				ASSETCATALOG_COMPILER_APPICON_NAME = AppIcon;
				ASSETCATALOG_COMPILER_GLOBAL_ACCENT_COLOR_NAME = AccentColor;
				CODE_SIGN_ENTITLEMENTS = SignUPFireBase/SignUPFireBase.entitlements;
				CODE_SIGN_STYLE = Automatic;
				CURRENT_PROJECT_VERSION = 1;
				GENERATE_INFOPLIST_FILE = YES;
				INFOPLIST_FILE = SignUPFireBase/Info.plist;
				INFOPLIST_KEY_UIApplicationSupportsIndirectInputEvents = YES;
				INFOPLIST_KEY_UILaunchStoryboardName = LaunchScreen;
				INFOPLIST_KEY_UIMainStoryboardFile = Main;
				INFOPLIST_KEY_UISupportedInterfaceOrientations_iPad = "UIInterfaceOrientationPortrait UIInterfaceOrientationPortraitUpsideDown UIInterfaceOrientationLandscapeLeft UIInterfaceOrientationLandscapeRight";
				INFOPLIST_KEY_UISupportedInterfaceOrientations_iPhone = "UIInterfaceOrientationPortrait UIInterfaceOrientationLandscapeLeft UIInterfaceOrientationLandscapeRight";
				LD_RUNPATH_SEARCH_PATHS = (
					"$(inherited)",
					"@executable_path/Frameworks",
				);
				MARKETING_VERSION = 1.0;
				PRODUCT_BUNDLE_IDENTIFIER = com.ios.SignUp;
				PRODUCT_NAME = "$(TARGET_NAME)";
				SWIFT_EMIT_LOC_STRINGS = YES;
				SWIFT_VERSION = 5.0;
				TARGETED_DEVICE_FAMILY = "1,2";
			};
			name = Debug;
		};
		84ACB9212816704E007C6875 /* Release */ = {
			isa = XCBuildConfiguration;
			baseConfigurationReference = A0926AED81D2E4D02A2621C9 /* Pods-SignUPFireBase.release.xcconfig */;
			buildSettings = {
				ASSETCATALOG_COMPILER_APPICON_NAME = AppIcon;
				ASSETCATALOG_COMPILER_GLOBAL_ACCENT_COLOR_NAME = AccentColor;
				CODE_SIGN_ENTITLEMENTS = SignUPFireBase/SignUPFireBase.entitlements;
				CODE_SIGN_STYLE = Automatic;
				CURRENT_PROJECT_VERSION = 1;
				GENERATE_INFOPLIST_FILE = YES;
				INFOPLIST_FILE = SignUPFireBase/Info.plist;
				INFOPLIST_KEY_UIApplicationSupportsIndirectInputEvents = YES;
				INFOPLIST_KEY_UILaunchStoryboardName = LaunchScreen;
				INFOPLIST_KEY_UIMainStoryboardFile = Main;
				INFOPLIST_KEY_UISupportedInterfaceOrientations_iPad = "UIInterfaceOrientationPortrait UIInterfaceOrientationPortraitUpsideDown UIInterfaceOrientationLandscapeLeft UIInterfaceOrientationLandscapeRight";
				INFOPLIST_KEY_UISupportedInterfaceOrientations_iPhone = "UIInterfaceOrientationPortrait UIInterfaceOrientationLandscapeLeft UIInterfaceOrientationLandscapeRight";
				LD_RUNPATH_SEARCH_PATHS = (
					"$(inherited)",
					"@executable_path/Frameworks",
				);
				MARKETING_VERSION = 1.0;
				PRODUCT_BUNDLE_IDENTIFIER = com.ios.SignUp;
				PRODUCT_NAME = "$(TARGET_NAME)";
				SWIFT_EMIT_LOC_STRINGS = YES;
				SWIFT_VERSION = 5.0;
				TARGETED_DEVICE_FAMILY = "1,2";
			};
			name = Release;
		};
/* End XCBuildConfiguration section */

/* Begin XCConfigurationList section */
		84ACB9062816704D007C6875 /* Build configuration list for PBXProject "SignUPFireBase" */ = {
			isa = XCConfigurationList;
			buildConfigurations = (
				84ACB91D2816704E007C6875 /* Debug */,
				84ACB91E2816704E007C6875 /* Release */,
			);
			defaultConfigurationIsVisible = 0;
			defaultConfigurationName = Release;
		};
		84ACB91F2816704E007C6875 /* Build configuration list for PBXNativeTarget "SignUPFireBase" */ = {
			isa = XCConfigurationList;
			buildConfigurations = (
				84ACB9202816704E007C6875 /* Debug */,
				84ACB9212816704E007C6875 /* Release */,
			);
			defaultConfigurationIsVisible = 0;
			defaultConfigurationName = Release;
		};
/* End XCConfigurationList section */
	};
	rootObject = 84ACB9032816704D007C6875 /* Project object */;
}
